// !$*UTF8*$!
{
	archiveVersion = 1;
	classes = {
	};
	objectVersion = 46;
	objects = {

/* Begin PBXBuildFile section */
		100BAFF718496C9100398D43 /* Foundation.framework in Frameworks */ = {isa = PBXBuildFile; fileRef = 100BAFF618496C9100398D43 /* Foundation.framework */; };
		100BAFF918496C9100398D43 /* CoreGraphics.framework in Frameworks */ = {isa = PBXBuildFile; fileRef = 100BAFF818496C9100398D43 /* CoreGraphics.framework */; };
		100BAFFB18496C9100398D43 /* UIKit.framework in Frameworks */ = {isa = PBXBuildFile; fileRef = 100BAFFA18496C9100398D43 /* UIKit.framework */; };
		100BB00118496C9100398D43 /* InfoPlist.strings in Resources */ = {isa = PBXBuildFile; fileRef = 100BAFFF18496C9100398D43 /* InfoPlist.strings */; };
		100BB00318496C9100398D43 /* main.m in Sources */ = {isa = PBXBuildFile; fileRef = 100BB00218496C9100398D43 /* main.m */; };
		100BB00718496C9100398D43 /* AppDelegate.m in Sources */ = {isa = PBXBuildFile; fileRef = 100BB00618496C9100398D43 /* AppDelegate.m */; };
		100BB00918496C9100398D43 /* Images.xcassets in Resources */ = {isa = PBXBuildFile; fileRef = 100BB00818496C9100398D43 /* Images.xcassets */; };
		100BB01018496C9100398D43 /* XCTest.framework in Frameworks */ = {isa = PBXBuildFile; fileRef = 100BB00F18496C9100398D43 /* XCTest.framework */; };
		100BB01118496C9100398D43 /* Foundation.framework in Frameworks */ = {isa = PBXBuildFile; fileRef = 100BAFF618496C9100398D43 /* Foundation.framework */; };
		100BB01218496C9100398D43 /* UIKit.framework in Frameworks */ = {isa = PBXBuildFile; fileRef = 100BAFFA18496C9100398D43 /* UIKit.framework */; };
		100BB01A18496C9100398D43 /* InfoPlist.strings in Resources */ = {isa = PBXBuildFile; fileRef = 100BB01818496C9100398D43 /* InfoPlist.strings */; };
		100BB01C18496C9100398D43 /* TiPadManTests.m in Sources */ = {isa = PBXBuildFile; fileRef = 100BB01B18496C9100398D43 /* TiPadManTests.m */; };
		100BB02818496ED500398D43 /* TMainViewController.m in Sources */ = {isa = PBXBuildFile; fileRef = 100BB02718496ED500398D43 /* TMainViewController.m */; };
/* End PBXBuildFile section */

/* Begin PBXContainerItemProxy section */
		100BB01318496C9100398D43 /* PBXContainerItemProxy */ = {
			isa = PBXContainerItemProxy;
			containerPortal = 100BAFEB18496C9100398D43 /* Project object */;
			proxyType = 1;
			remoteGlobalIDString = 100BAFF218496C9100398D43;
			remoteInfo = TiPadMan;
		};
/* End PBXContainerItemProxy section */

/* Begin PBXFileReference section */
		100BAFF318496C9100398D43 /* TiPadMan.app */ = {isa = PBXFileReference; explicitFileType = wrapper.application; includeInIndex = 0; path = TiPadMan.app; sourceTree = BUILT_PRODUCTS_DIR; };
		100BAFF618496C9100398D43 /* Foundation.framework */ = {isa = PBXFileReference; lastKnownFileType = wrapper.framework; name = Foundation.framework; path = System/Library/Frameworks/Foundation.framework; sourceTree = SDKROOT; };
		100BAFF818496C9100398D43 /* CoreGraphics.framework */ = {isa = PBXFileReference; lastKnownFileType = wrapper.framework; name = CoreGraphics.framework; path = System/Library/Frameworks/CoreGraphics.framework; sourceTree = SDKROOT; };
		100BAFFA18496C9100398D43 /* UIKit.framework */ = {isa = PBXFileReference; lastKnownFileType = wrapper.framework; name = UIKit.framework; path = System/Library/Frameworks/UIKit.framework; sourceTree = SDKROOT; };
		100BAFFE18496C9100398D43 /* TiPadMan-Info.plist */ = {isa = PBXFileReference; lastKnownFileType = text.plist.xml; path = "TiPadMan-Info.plist"; sourceTree = "<group>"; };
		100BB00018496C9100398D43 /* en */ = {isa = PBXFileReference; lastKnownFileType = text.plist.strings; name = en; path = en.lproj/InfoPlist.strings; sourceTree = "<group>"; };
		100BB00218496C9100398D43 /* main.m */ = {isa = PBXFileReference; lastKnownFileType = sourcecode.c.objc; path = main.m; sourceTree = "<group>"; };
		100BB00418496C9100398D43 /* TiPadMan-Prefix.pch */ = {isa = PBXFileReference; lastKnownFileType = sourcecode.c.h; path = "TiPadMan-Prefix.pch"; sourceTree = "<group>"; };
		100BB00518496C9100398D43 /* AppDelegate.h */ = {isa = PBXFileReference; lastKnownFileType = sourcecode.c.h; path = AppDelegate.h; sourceTree = "<group>"; };
		100BB00618496C9100398D43 /* AppDelegate.m */ = {isa = PBXFileReference; lastKnownFileType = sourcecode.c.objc; path = AppDelegate.m; sourceTree = "<group>"; };
		100BB00818496C9100398D43 /* Images.xcassets */ = {isa = PBXFileReference; lastKnownFileType = folder.assetcatalog; path = Images.xcassets; sourceTree = "<group>"; };
		100BB00E18496C9100398D43 /* TiPadManTests.xctest */ = {isa = PBXFileReference; explicitFileType = wrapper.cfbundle; includeInIndex = 0; path = TiPadManTests.xctest; sourceTree = BUILT_PRODUCTS_DIR; };
		100BB00F18496C9100398D43 /* XCTest.framework */ = {isa = PBXFileReference; lastKnownFileType = wrapper.framework; name = XCTest.framework; path = Library/Frameworks/XCTest.framework; sourceTree = DEVELOPER_DIR; };
		100BB01718496C9100398D43 /* TiPadManTests-Info.plist */ = {isa = PBXFileReference; lastKnownFileType = text.plist.xml; path = "TiPadManTests-Info.plist"; sourceTree = "<group>"; };
		100BB01918496C9100398D43 /* en */ = {isa = PBXFileReference; lastKnownFileType = text.plist.strings; name = en; path = en.lproj/InfoPlist.strings; sourceTree = "<group>"; };
		100BB01B18496C9100398D43 /* TiPadManTests.m */ = {isa = PBXFileReference; lastKnownFileType = sourcecode.c.objc; path = TiPadManTests.m; sourceTree = "<group>"; };
		100BB02618496ED500398D43 /* TMainViewController.h */ = {isa = PBXFileReference; fileEncoding = 4; lastKnownFileType = sourcecode.c.h; name = TMainViewController.h; path = Controller/TMainViewController.h; sourceTree = "<group>"; };
		100BB02718496ED500398D43 /* TMainViewController.m */ = {isa = PBXFileReference; fileEncoding = 4; lastKnownFileType = sourcecode.c.objc; name = TMainViewController.m; path = Controller/TMainViewController.m; sourceTree = "<group>"; };
/* End PBXFileReference section */

/* Begin PBXFrameworksBuildPhase section */
		100BAFF018496C9100398D43 /* Frameworks */ = {
			isa = PBXFrameworksBuildPhase;
			buildActionMask = 2147483647;
			files = (
				100BAFF918496C9100398D43 /* CoreGraphics.framework in Frameworks */,
				100BAFFB18496C9100398D43 /* UIKit.framework in Frameworks */,
				100BAFF718496C9100398D43 /* Foundation.framework in Frameworks */,
			);
			runOnlyForDeploymentPostprocessing = 0;
		};
		100BB00B18496C9100398D43 /* Frameworks */ = {
			isa = PBXFrameworksBuildPhase;
			buildActionMask = 2147483647;
			files = (
				100BB01018496C9100398D43 /* XCTest.framework in Frameworks */,
				100BB01218496C9100398D43 /* UIKit.framework in Frameworks */,
				100BB01118496C9100398D43 /* Foundation.framework in Frameworks */,
			);
			runOnlyForDeploymentPostprocessing = 0;
		};
/* End PBXFrameworksBuildPhase section */

/* Begin PBXGroup section */
		100BAFEA18496C9100398D43 = {
			isa = PBXGroup;
			children = (
				100BAFFC18496C9100398D43 /* TiPadMan */,
				100BB01518496C9100398D43 /* TiPadManTests */,
				100BAFF518496C9100398D43 /* Frameworks */,
				100BAFF418496C9100398D43 /* Products */,
			);
			sourceTree = "<group>";
		};
		100BAFF418496C9100398D43 /* Products */ = {
			isa = PBXGroup;
			children = (
				100BAFF318496C9100398D43 /* TiPadMan.app */,
				100BB00E18496C9100398D43 /* TiPadManTests.xctest */,
			);
			name = Products;
			sourceTree = "<group>";
		};
		100BAFF518496C9100398D43 /* Frameworks */ = {
			isa = PBXGroup;
			children = (
				100BAFF618496C9100398D43 /* Foundation.framework */,
				100BAFF818496C9100398D43 /* CoreGraphics.framework */,
				100BAFFA18496C9100398D43 /* UIKit.framework */,
				100BB00F18496C9100398D43 /* XCTest.framework */,
			);
			name = Frameworks;
			sourceTree = "<group>";
		};
		100BAFFC18496C9100398D43 /* TiPadMan */ = {
			isa = PBXGroup;
			children = (
				100BB02518496E1800398D43 /* Controller */,
				100BB00518496C9100398D43 /* AppDelegate.h */,
				100BB00618496C9100398D43 /* AppDelegate.m */,
				100BB00818496C9100398D43 /* Images.xcassets */,
				100BAFFD18496C9100398D43 /* Supporting Files */,
			);
			path = TiPadMan;
			sourceTree = "<group>";
		};
		100BAFFD18496C9100398D43 /* Supporting Files */ = {
			isa = PBXGroup;
			children = (
				100BAFFE18496C9100398D43 /* TiPadMan-Info.plist */,
				100BAFFF18496C9100398D43 /* InfoPlist.strings */,
				100BB00218496C9100398D43 /* main.m */,
				100BB00418496C9100398D43 /* TiPadMan-Prefix.pch */,
			);
			name = "Supporting Files";
			sourceTree = "<group>";
		};
		100BB01518496C9100398D43 /* TiPadManTests */ = {
			isa = PBXGroup;
			children = (
				100BB01B18496C9100398D43 /* TiPadManTests.m */,
				100BB01618496C9100398D43 /* Supporting Files */,
			);
			path = TiPadManTests;
			sourceTree = "<group>";
		};
		100BB01618496C9100398D43 /* Supporting Files */ = {
			isa = PBXGroup;
			children = (
				100BB01718496C9100398D43 /* TiPadManTests-Info.plist */,
				100BB01818496C9100398D43 /* InfoPlist.strings */,
			);
			name = "Supporting Files";
			sourceTree = "<group>";
		};
		100BB02518496E1800398D43 /* Controller */ = {
			isa = PBXGroup;
			children = (
				100BB02618496ED500398D43 /* TMainViewController.h */,
				100BB02718496ED500398D43 /* TMainViewController.m */,
			);
			name = Controller;
			sourceTree = "<group>";
		};
/* End PBXGroup section */

/* Begin PBXNativeTarget section */
		100BAFF218496C9100398D43 /* TiPadMan */ = {
			isa = PBXNativeTarget;
			buildConfigurationList = 100BB01F18496C9100398D43 /* Build configuration list for PBXNativeTarget "TiPadMan" */;
			buildPhases = (
				100BAFEF18496C9100398D43 /* Sources */,
				100BAFF018496C9100398D43 /* Frameworks */,
				100BAFF118496C9100398D43 /* Resources */,
			);
			buildRules = (
			);
			dependencies = (
			);
			name = TiPadMan;
			productName = TiPadMan;
			productReference = 100BAFF318496C9100398D43 /* TiPadMan.app */;
			productType = "com.apple.product-type.application";
		};
		100BB00D18496C9100398D43 /* TiPadManTests */ = {
			isa = PBXNativeTarget;
			buildConfigurationList = 100BB02218496C9100398D43 /* Build configuration list for PBXNativeTarget "TiPadManTests" */;
			buildPhases = (
				100BB00A18496C9100398D43 /* Sources */,
				100BB00B18496C9100398D43 /* Frameworks */,
				100BB00C18496C9100398D43 /* Resources */,
			);
			buildRules = (
			);
			dependencies = (
				100BB01418496C9100398D43 /* PBXTargetDependency */,
			);
			name = TiPadManTests;
			productName = TiPadManTests;
			productReference = 100BB00E18496C9100398D43 /* TiPadManTests.xctest */;
			productType = "com.apple.product-type.bundle.unit-test";
		};
/* End PBXNativeTarget section */

/* Begin PBXProject section */
		100BAFEB18496C9100398D43 /* Project object */ = {
			isa = PBXProject;
			attributes = {
				LastUpgradeCheck = 0500;
				ORGANIZATIONNAME = yamatomo;
				TargetAttributes = {
					100BB00D18496C9100398D43 = {
						TestTargetID = 100BAFF218496C9100398D43;
					};
				};
			};
			buildConfigurationList = 100BAFEE18496C9100398D43 /* Build configuration list for PBXProject "TiPadMan" */;
			compatibilityVersion = "Xcode 3.2";
			developmentRegion = English;
			hasScannedForEncodings = 0;
			knownRegions = (
				en,
			);
			mainGroup = 100BAFEA18496C9100398D43;
			productRefGroup = 100BAFF418496C9100398D43 /* Products */;
			projectDirPath = "";
			projectRoot = "";
			targets = (
				100BAFF218496C9100398D43 /* TiPadMan */,
				100BB00D18496C9100398D43 /* TiPadManTests */,
			);
		};
/* End PBXProject section */

/* Begin PBXResourcesBuildPhase section */
		100BAFF118496C9100398D43 /* Resources */ = {
			isa = PBXResourcesBuildPhase;
			buildActionMask = 2147483647;
			files = (
				100BB00118496C9100398D43 /* InfoPlist.strings in Resources */,
				100BB00918496C9100398D43 /* Images.xcassets in Resources */,
			);
			runOnlyForDeploymentPostprocessing = 0;
		};
		100BB00C18496C9100398D43 /* Resources */ = {
			isa = PBXResourcesBuildPhase;
			buildActionMask = 2147483647;
			files = (
				100BB01A18496C9100398D43 /* InfoPlist.strings in Resources */,
			);
			runOnlyForDeploymentPostprocessing = 0;
		};
/* End PBXResourcesBuildPhase section */

/* Begin PBXSourcesBuildPhase section */
		100BAFEF18496C9100398D43 /* Sources */ = {
			isa = PBXSourcesBuildPhase;
			buildActionMask = 2147483647;
			files = (
				100BB02818496ED500398D43 /* TMainViewController.m in Sources */,
				100BB00718496C9100398D43 /* AppDelegate.m in Sources */,
				100BB00318496C9100398D43 /* main.m in Sources */,
			);
			runOnlyForDeploymentPostprocessing = 0;
		};
		100BB00A18496C9100398D43 /* Sources */ = {
			isa = PBXSourcesBuildPhase;
			buildActionMask = 2147483647;
			files = (
				100BB01C18496C9100398D43 /* TiPadManTests.m in Sources */,
			);
			runOnlyForDeploymentPostprocessing = 0;
		};
/* End PBXSourcesBuildPhase section */

/* Begin PBXTargetDependency section */
		100BB01418496C9100398D43 /* PBXTargetDependency */ = {
			isa = PBXTargetDependency;
			target = 100BAFF218496C9100398D43 /* TiPadMan */;
			targetProxy = 100BB01318496C9100398D43 /* PBXContainerItemProxy */;
		};
/* End PBXTargetDependency section */

/* Begin PBXVariantGroup section */
		100BAFFF18496C9100398D43 /* InfoPlist.strings */ = {
			isa = PBXVariantGroup;
			children = (
				100BB00018496C9100398D43 /* en */,
			);
			name = InfoPlist.strings;
			sourceTree = "<group>";
		};
		100BB01818496C9100398D43 /* InfoPlist.strings */ = {
			isa = PBXVariantGroup;
			children = (
				100BB01918496C9100398D43 /* en */,
			);
			name = InfoPlist.strings;
			sourceTree = "<group>";
		};
/* End PBXVariantGroup section */

/* Begin XCBuildConfiguration section */
		100BB01D18496C9100398D43 /* Debug */ = {
			isa = XCBuildConfiguration;
			buildSettings = {
				ALWAYS_SEARCH_USER_PATHS = NO;
				ARCHS = "$(ARCHS_STANDARD_INCLUDING_64_BIT)";
				CLANG_CXX_LANGUAGE_STANDARD = "gnu++0x";
				CLANG_CXX_LIBRARY = "libc++";
				CLANG_ENABLE_MODULES = YES;
				CLANG_ENABLE_OBJC_ARC = YES;
				CLANG_WARN_BOOL_CONVERSION = YES;
				CLANG_WARN_CONSTANT_CONVERSION = YES;
				CLANG_WARN_DIRECT_OBJC_ISA_USAGE = YES_ERROR;
				CLANG_WARN_EMPTY_BODY = YES;
				CLANG_WARN_ENUM_CONVERSION = YES;
				CLANG_WARN_INT_CONVERSION = YES;
				CLANG_WARN_OBJC_ROOT_CLASS = YES_ERROR;
				CLANG_WARN__DUPLICATE_METHOD_MATCH = YES;
				CODE_SIGN_IDENTITY = "iPhone Developer: tomohiko yamada (4VC78GY2ZF)";
				"CODE_SIGN_IDENTITY[sdk=iphoneos*]" = "iPhone Developer: tomohiko yamada (4VC78GY2ZF)";
				COPY_PHASE_STRIP = NO;
				GCC_C_LANGUAGE_STANDARD = gnu99;
				GCC_DYNAMIC_NO_PIC = NO;
				GCC_OPTIMIZATION_LEVEL = 0;
				GCC_PREPROCESSOR_DEFINITIONS = (
					"DEBUG=1",
					"$(inherited)",
				);
				GCC_SYMBOLS_PRIVATE_EXTERN = NO;
				GCC_WARN_64_TO_32_BIT_CONVERSION = YES;
				GCC_WARN_ABOUT_RETURN_TYPE = YES_ERROR;
				GCC_WARN_UNDECLARED_SELECTOR = YES;
				GCC_WARN_UNINITIALIZED_AUTOS = YES;
				GCC_WARN_UNUSED_FUNCTION = YES;
				GCC_WARN_UNUSED_VARIABLE = YES;
				IPHONEOS_DEPLOYMENT_TARGET = 7.0;
				ONLY_ACTIVE_ARCH = YES;
				PROVISIONING_PROFILE = "0E56F85E-471E-4F53-9B83-54A70BEDF88B";
				SDKROOT = iphoneos;
				TARGETED_DEVICE_FAMILY = "1,2";
			};
			name = Debug;
		};
		100BB01E18496C9100398D43 /* Release */ = {
			isa = XCBuildConfiguration;
			buildSettings = {
				ALWAYS_SEARCH_USER_PATHS = NO;
				ARCHS = "$(ARCHS_STANDARD_INCLUDING_64_BIT)";
				CLANG_CXX_LANGUAGE_STANDARD = "gnu++0x";
				CLANG_CXX_LIBRARY = "libc++";
				CLANG_ENABLE_MODULES = YES;
				CLANG_ENABLE_OBJC_ARC = YES;
				CLANG_WARN_BOOL_CONVERSION = YES;
				CLANG_WARN_CONSTANT_CONVERSION = YES;
				CLANG_WARN_DIRECT_OBJC_ISA_USAGE = YES_ERROR;
				CLANG_WARN_EMPTY_BODY = YES;
				CLANG_WARN_ENUM_CONVERSION = YES;
				CLANG_WARN_INT_CONVERSION = YES;
				CLANG_WARN_OBJC_ROOT_CLASS = YES_ERROR;
				CLANG_WARN__DUPLICATE_METHOD_MATCH = YES;
				CODE_SIGN_IDENTITY = "iPhone Developer: tomohiko yamada (4VC78GY2ZF)";
				"CODE_SIGN_IDENTITY[sdk=iphoneos*]" = "iPhone Developer: tomohiko yamada (4VC78GY2ZF)";
				COPY_PHASE_STRIP = YES;
				ENABLE_NS_ASSERTIONS = NO;
				GCC_C_LANGUAGE_STANDARD = gnu99;
				GCC_WARN_64_TO_32_BIT_CONVERSION = YES;
				GCC_WARN_ABOUT_RETURN_TYPE = YES_ERROR;
				GCC_WARN_UNDECLARED_SELECTOR = YES;
				GCC_WARN_UNINITIALIZED_AUTOS = YES;
				GCC_WARN_UNUSED_FUNCTION = YES;
				GCC_WARN_UNUSED_VARIABLE = YES;
				IPHONEOS_DEPLOYMENT_TARGET = 7.0;
				PROVISIONING_PROFILE = "0E56F85E-471E-4F53-9B83-54A70BEDF88B";
				SDKROOT = iphoneos;
				TARGETED_DEVICE_FAMILY = "1,2";
				VALIDATE_PRODUCT = YES;
			};
			name = Release;
		};
		100BB02018496C9100398D43 /* Debug */ = {
			isa = XCBuildConfiguration;
			buildSettings = {
				ASSETCATALOG_COMPILER_APPICON_NAME = AppIcon;
				ASSETCATALOG_COMPILER_LAUNCHIMAGE_NAME = LaunchImage;
				CODE_SIGN_IDENTITY = "iPhone Developer: tomohiko yamada (4VC78GY2ZF)";
				GCC_PRECOMPILE_PREFIX_HEADER = YES;
				GCC_PREFIX_HEADER = "TiPadMan/TiPadMan-Prefix.pch";
				INFOPLIST_FILE = "TiPadMan/TiPadMan-Info.plist";
				PRODUCT_NAME = "$(TARGET_NAME)";
				PROVISIONING_PROFILE = "0E56F85E-471E-4F53-9B83-54A70BEDF88B";
				TARGETED_DEVICE_FAMILY = 2;
				WRAPPER_EXTENSION = app;
			};
			name = Debug;
		};
		100BB02118496C9100398D43 /* Release */ = {
			isa = XCBuildConfiguration;
			buildSettings = {
				ASSETCATALOG_COMPILER_APPICON_NAME = AppIcon;
				ASSETCATALOG_COMPILER_LAUNCHIMAGE_NAME = LaunchImage;
				CODE_SIGN_IDENTITY = "iPhone Developer: tomohiko yamada (4VC78GY2ZF)";
				GCC_PRECOMPILE_PREFIX_HEADER = YES;
				GCC_PREFIX_HEADER = "TiPadMan/TiPadMan-Prefix.pch";
				INFOPLIST_FILE = "TiPadMan/TiPadMan-Info.plist";
				PRODUCT_NAME = "$(TARGET_NAME)";
				PROVISIONING_PROFILE = "0E56F85E-471E-4F53-9B83-54A70BEDF88B";
				TARGETED_DEVICE_FAMILY = 2;
				WRAPPER_EXTENSION = app;
			};
			name = Release;
		};
		100BB02318496C9100398D43 /* Debug */ = {
			isa = XCBuildConfiguration;
			buildSettings = {
				ARCHS = "$(ARCHS_STANDARD_INCLUDING_64_BIT)";
				BUNDLE_LOADER = "$(BUILT_PRODUCTS_DIR)/TiPadMan.app/TiPadMan";
				FRAMEWORK_SEARCH_PATHS = (
					"$(SDKROOT)/Developer/Library/Frameworks",
					"$(inherited)",
					"$(DEVELOPER_FRAMEWORKS_DIR)",
				);
				GCC_PRECOMPILE_PREFIX_HEADER = YES;
				GCC_PREFIX_HEADER = "TiPadMan/TiPadMan-Prefix.pch";
				GCC_PREPROCESSOR_DEFINITIONS = (
					"DEBUG=1",
					"$(inherited)",
				);
				INFOPLIST_FILE = "TiPadManTests/TiPadManTests-Info.plist";
				PRODUCT_NAME = "$(TARGET_NAME)";
				TEST_HOST = "$(BUNDLE_LOADER)";
				WRAPPER_EXTENSION = xctest;
			};
			name = Debug;
		};
		100BB02418496C9100398D43 /* Release */ = {
			isa = XCBuildConfiguration;
			buildSettings = {
				ARCHS = "$(ARCHS_STANDARD_INCLUDING_64_BIT)";
				BUNDLE_LOADER = "$(BUILT_PRODUCTS_DIR)/TiPadMan.app/TiPadMan";
				FRAMEWORK_SEARCH_PATHS = (
					"$(SDKROOT)/Developer/Library/Frameworks",
					"$(inherited)",
					"$(DEVELOPER_FRAMEWORKS_DIR)",
				);
				GCC_PRECOMPILE_PREFIX_HEADER = YES;
				GCC_PREFIX_HEADER = "TiPadMan/TiPadMan-Prefix.pch";
				INFOPLIST_FILE = "TiPadManTests/TiPadManTests-Info.plist";
				PRODUCT_NAME = "$(TARGET_NAME)";
				TEST_HOST = "$(BUNDLE_LOADER)";
				WRAPPER_EXTENSION = xctest;
			};
			name = Release;
		};
/* End XCBuildConfiguration section */

/* Begin XCConfigurationList section */
		100BAFEE18496C9100398D43 /* Build configuration list for PBXProject "TiPadMan" */ = {
			isa = XCConfigurationList;
			buildConfigurations = (
				100BB01D18496C9100398D43 /* Debug */,
				100BB01E18496C9100398D43 /* Release */,
			);
			defaultConfigurationIsVisible = 0;
			defaultConfigurationName = Release;
		};
		100BB01F18496C9100398D43 /* Build configuration list for PBXNativeTarget "TiPadMan" */ = {
			isa = XCConfigurationList;
			buildConfigurations = (
				100BB02018496C9100398D43 /* Debug */,
				100BB02118496C9100398D43 /* Release */,
			);
			defaultConfigurationIsVisible = 0;
			defaultConfigurationName = Release;
		};
		100BB02218496C9100398D43 /* Build configuration list for PBXNativeTarget "TiPadManTests" */ = {
			isa = XCConfigurationList;
			buildConfigurations = (
				100BB02318496C9100398D43 /* Debug */,
				100BB02418496C9100398D43 /* Release */,
			);
			defaultConfigurationIsVisible = 0;
			defaultConfigurationName = Release;
		};
/* End XCConfigurationList section */
	};
	rootObject = 100BAFEB18496C9100398D43 /* Project object */;
}
